<Solution>
  <Folder Name="/src/">
    <Project Path="src/Hexalith.McpCli.Abstractions/Hexalith.McpCli.Abstractions.csproj" />
  </Folder>
  <Folder Name="/tests/">
    <Project Path="tests/Hexalith.McpCli.Sample.Contracts/Hexalith.McpCli.Sample.Contracts.csproj" />
    <Project Path="tests/Hexalith.McpCli.Abstractions.Tests/Hexalith.McpCli.Abstractions.Tests.csproj" />
  </Folder>
</Solution>
